
Microsoft Visual Studio Solution File, Format Version 12.00
# Visual Studio Version 16
VisualStudioVersion = 16.0.30804.86
MinimumVisualStudioVersion = 10.0.40219.1
Project("{9A19103F-16F7-4668-BE54-9A1E7A4F7556}") = "PearlCalculatorCore", "PearlCalculatorCore\PearlCalculatorCore.csproj", "{7370DC84-5228-4EDB-95D2-337B204FEC64}"
EndProject
Project("{9A19103F-16F7-4668-BE54-9A1E7A4F7556}") = "PearlCalculatorLib", "PearlCalculatorLib\PearlCalculatorLib.csproj", "{B591A606-5A54-490A-BF7E-85AA0373B2B8}"
EndProject
Project("{9A19103F-16F7-4668-BE54-9A1E7A4F7556}") = "PearlCalculatorWFA", "PearlCalculatorWFA\PearlCalculatorWFA.csproj", "{83D4F554-CAAE-4FE6-BCFF-5DB24F138992}"
EndProject
Project("{9A19103F-16F7-4668-BE54-9A1E7A4F7556}") = "RelayCalculatorWFA", "RelayCalculatorWFA\RelayCalculatorWFA.csproj", "{E8D728C8-D75D-4591-BC1B-ABACBAA095C3}"
EndProject
Project("{FAE04EC0-301F-11D3-BF4B-00C04F79EFBC}") = "PearlCalculatorCP", "PearlCalculatorCP\PearlCalculatorCP.csproj", "{C60F65F2-020F-4C32-A734-A8DBB907CEA2}"
	ProjectSection(ProjectDependencies) = postProject
		{B591A606-5A54-490A-BF7E-85AA0373B2B8} = {B591A606-5A54-490A-BF7E-85AA0373B2B8}
	EndProjectSection
EndProject
Project("{9A19103F-16F7-4668-BE54-9A1E7A4F7556}") = "LLFTLAttachPositionCalculator", "LLFTLAttachPositionCalculator\LLFTLAttachPositionCalculator.csproj", "{25FC1704-62A6-4984-A2E4-6FB4F4A67992}"
	ProjectSection(ProjectDependencies) = postProject
		{B591A606-5A54-490A-BF7E-85AA0373B2B8} = {B591A606-5A54-490A-BF7E-85AA0373B2B8}
	EndProjectSection
EndProject
Global
	GlobalSection(SolutionConfigurationPlatforms) = preSolution
		Debug|Any CPU = Debug|Any CPU
		Release|Any CPU = Release|Any CPU
	EndGlobalSection
	GlobalSection(ProjectConfigurationPlatforms) = postSolution
		{7370DC84-5228-4EDB-95D2-337B204FEC64}.Debug|Any CPU.ActiveCfg = Debug|Any CPU
		{7370DC84-5228-4EDB-95D2-337B204FEC64}.Debug|Any CPU.Build.0 = Debug|Any CPU
		{7370DC84-5228-4EDB-95D2-337B204FEC64}.Release|Any CPU.ActiveCfg = Release|Any CPU
		{7370DC84-5228-4EDB-95D2-337B204FEC64}.Release|Any CPU.Build.0 = Release|Any CPU
		{B591A606-5A54-490A-BF7E-85AA0373B2B8}.Debug|Any CPU.ActiveCfg = Debug|Any CPU
		{B591A606-5A54-490A-BF7E-85AA0373B2B8}.Debug|Any CPU.Build.0 = Debug|Any CPU
		{B591A606-5A54-490A-BF7E-85AA0373B2B8}.Release|Any CPU.ActiveCfg = Release|Any CPU
		{B591A606-5A54-490A-BF7E-85AA0373B2B8}.Release|Any CPU.Build.0 = Release|Any CPU
		{83D4F554-CAAE-4FE6-BCFF-5DB24F138992}.Debug|Any CPU.ActiveCfg = Debug|Any CPU
		{83D4F554-CAAE-4FE6-BCFF-5DB24F138992}.Debug|Any CPU.Build.0 = Debug|Any CPU
		{83D4F554-CAAE-4FE6-BCFF-5DB24F138992}.Release|Any CPU.ActiveCfg = Release|Any CPU
		{83D4F554-CAAE-4FE6-BCFF-5DB24F138992}.Release|Any CPU.Build.0 = Release|Any CPU
		{E8D728C8-D75D-4591-BC1B-ABACBAA095C3}.Debug|Any CPU.ActiveCfg = Debug|Any CPU
		{E8D728C8-D75D-4591-BC1B-ABACBAA095C3}.Debug|Any CPU.Build.0 = Debug|Any CPU
		{E8D728C8-D75D-4591-BC1B-ABACBAA095C3}.Release|Any CPU.ActiveCfg = Release|Any CPU
		{E8D728C8-D75D-4591-BC1B-ABACBAA095C3}.Release|Any CPU.Build.0 = Release|Any CPU
		{C60F65F2-020F-4C32-A734-A8DBB907CEA2}.Debug|Any CPU.ActiveCfg = Debug|Any CPU
		{C60F65F2-020F-4C32-A734-A8DBB907CEA2}.Debug|Any CPU.Build.0 = Debug|Any CPU
		{C60F65F2-020F-4C32-A734-A8DBB907CEA2}.Release|Any CPU.ActiveCfg = Release|Any CPU
		{C60F65F2-020F-4C32-A734-A8DBB907CEA2}.Release|Any CPU.Build.0 = Release|Any CPU
		{25FC1704-62A6-4984-A2E4-6FB4F4A67992}.Debug|Any CPU.ActiveCfg = Debug|Any CPU
		{25FC1704-62A6-4984-A2E4-6FB4F4A67992}.Debug|Any CPU.Build.0 = Debug|Any CPU
		{25FC1704-62A6-4984-A2E4-6FB4F4A67992}.Release|Any CPU.ActiveCfg = Release|Any CPU
		{25FC1704-62A6-4984-A2E4-6FB4F4A67992}.Release|Any CPU.Build.0 = Release|Any CPU
	EndGlobalSection
	GlobalSection(SolutionProperties) = preSolution
		HideSolutionNode = FALSE
	EndGlobalSection
	GlobalSection(ExtensibilityGlobals) = postSolution
		SolutionGuid = {FAF0E651-BB67-47A4-BF6E-D56A2FBE7600}
	EndGlobalSection
EndGlobal
